
Microsoft Visual Studio Solution File, Format Version 12.00
# Visual Studio Version 16
VisualStudioVersion = 16.0.31624.102
MinimumVisualStudioVersion = 10.0.40219.1
Project("{FAE04EC0-301F-11D3-BF4B-00C04F79EFBC}") = "VariantA", "VariantA\VariantA.csproj", "{4FFB2518-C1D3-4DA0-8FA4-B0D8254DAFA5}"
EndProject
Global
	GlobalSection(SolutionConfigurationPlatforms) = preSolution
		Debug|Any CPU = Debug|Any CPU
		Release|Any CPU = Release|Any CPU
	EndGlobalSection
	GlobalSection(ProjectConfigurationPlatforms) = postSolution
		{4FFB2518-C1D3-4DA0-8FA4-B0D8254DAFA5}.Debug|Any CPU.ActiveCfg = Debug|Any CPU
		{4FFB2518-C1D3-4DA0-8FA4-B0D8254DAFA5}.Debug|Any CPU.Build.0 = Debug|Any CPU
		{4FFB2518-C1D3-4DA0-8FA4-B0D8254DAFA5}.Release|Any CPU.ActiveCfg = Release|Any CPU
		{4FFB2518-C1D3-4DA0-8FA4-B0D8254DAFA5}.Release|Any CPU.Build.0 = Release|Any CPU
	EndGlobalSection
	GlobalSection(SolutionProperties) = preSolution
		HideSolutionNode = FALSE
	EndGlobalSection
	GlobalSection(ExtensibilityGlobals) = postSolution
		SolutionGuid = {02E3FC87-0F25-4D1E-B87D-D61F6C2D5745}
	EndGlobalSection
EndGlobal
